
Microsoft Visual Studio Solution File, Format Version 12.00
# Visual Studio Version 17
VisualStudioVersion = 17.0.31903.59
MinimumVisualStudioVersion = 10.0.40219.1
Project("{FAE04EC0-301F-11D3-BF4B-00C04F79EFBC}") = "ShutCom.WebService", "ShutCom.WebService\ShutCom.WebService.csproj", "{0DB48326-C6AA-46BF-9396-9BFB8061BF1B}"
EndProject
Project("{FAE04EC0-301F-11D3-BF4B-00C04F79EFBC}") = "ShutCom.Model", "ShutCom.Model\ShutCom.Model.csproj", "{66B88E8F-1C4E-44C9-875A-5A55B212A171}"
EndProject
Project("{FAE04EC0-301F-11D3-BF4B-00C04F79EFBC}") = "ShutCom.Domain", "ShutCom.Domain\ShutCom.Domain.csproj", "{C4C273FA-E221-4874-B5C6-F83F11ADA711}"
EndProject
Project("{FAE04EC0-301F-11D3-BF4B-00C04F79EFBC}") = "MysticMadness.Service", "MysticMadness.Service\MysticMadness.Service.csproj", "{C9C44488-D571-4722-8A7D-7F8A6A49A9BF}"
EndProject
Global
	GlobalSection(SolutionConfigurationPlatforms) = preSolution
		Debug|Any CPU = Debug|Any CPU
		Release|Any CPU = Release|Any CPU
	EndGlobalSection
	GlobalSection(SolutionProperties) = preSolution
		HideSolutionNode = FALSE
	EndGlobalSection
	GlobalSection(ProjectConfigurationPlatforms) = postSolution
		{0DB48326-C6AA-46BF-9396-9BFB8061BF1B}.Debug|Any CPU.ActiveCfg = Debug|Any CPU
		{0DB48326-C6AA-46BF-9396-9BFB8061BF1B}.Debug|Any CPU.Build.0 = Debug|Any CPU
		{0DB48326-C6AA-46BF-9396-9BFB8061BF1B}.Release|Any CPU.ActiveCfg = Release|Any CPU
		{0DB48326-C6AA-46BF-9396-9BFB8061BF1B}.Release|Any CPU.Build.0 = Release|Any CPU
		{66B88E8F-1C4E-44C9-875A-5A55B212A171}.Debug|Any CPU.ActiveCfg = Debug|Any CPU
		{66B88E8F-1C4E-44C9-875A-5A55B212A171}.Debug|Any CPU.Build.0 = Debug|Any CPU
		{66B88E8F-1C4E-44C9-875A-5A55B212A171}.Release|Any CPU.ActiveCfg = Release|Any CPU
		{66B88E8F-1C4E-44C9-875A-5A55B212A171}.Release|Any CPU.Build.0 = Release|Any CPU
		{C4C273FA-E221-4874-B5C6-F83F11ADA711}.Debug|Any CPU.ActiveCfg = Debug|Any CPU
		{C4C273FA-E221-4874-B5C6-F83F11ADA711}.Debug|Any CPU.Build.0 = Debug|Any CPU
		{C4C273FA-E221-4874-B5C6-F83F11ADA711}.Release|Any CPU.ActiveCfg = Release|Any CPU
		{C4C273FA-E221-4874-B5C6-F83F11ADA711}.Release|Any CPU.Build.0 = Release|Any CPU
		{C9C44488-D571-4722-8A7D-7F8A6A49A9BF}.Debug|Any CPU.ActiveCfg = Debug|Any CPU
		{C9C44488-D571-4722-8A7D-7F8A6A49A9BF}.Debug|Any CPU.Build.0 = Debug|Any CPU
		{C9C44488-D571-4722-8A7D-7F8A6A49A9BF}.Release|Any CPU.ActiveCfg = Release|Any CPU
		{C9C44488-D571-4722-8A7D-7F8A6A49A9BF}.Release|Any CPU.Build.0 = Release|Any CPU
	EndGlobalSection
EndGlobal
